// !$*UTF8*$!
{
	archiveVersion = 1;
	classes = {
	};
	objectVersion = 50;
	objects = {

/* Begin PBXBuildFile section */
		223E341E26CB876E004EC20B /* AppDelegate.swift in Sources */ = {isa = PBXBuildFile; fileRef = 223E341D26CB876E004EC20B /* AppDelegate.swift */; };
		223E342726CB8772004EC20B /* Assets.xcassets in Resources */ = {isa = PBXBuildFile; fileRef = 223E342626CB8772004EC20B /* Assets.xcassets */; };
		223E342A26CB8772004EC20B /* LaunchScreen.storyboard in Resources */ = {isa = PBXBuildFile; fileRef = 223E342826CB8772004EC20B /* LaunchScreen.storyboard */; };
		223E343526CB8772004EC20B /* Swift_Bluetooth_ManagerTests.swift in Sources */ = {isa = PBXBuildFile; fileRef = 223E343426CB8772004EC20B /* Swift_Bluetooth_ManagerTests.swift */; };
		223E344026CB8772004EC20B /* Swift_Bluetooth_ManagerUITests.swift in Sources */ = {isa = PBXBuildFile; fileRef = 223E343F26CB8772004EC20B /* Swift_Bluetooth_ManagerUITests.swift */; };
/* End PBXBuildFile section */

/* Begin PBXContainerItemProxy section */
		223E343126CB8772004EC20B /* PBXContainerItemProxy */ = {
			isa = PBXContainerItemProxy;
			containerPortal = 223E341226CB876E004EC20B /* Project object */;
			proxyType = 1;
			remoteGlobalIDString = 223E341926CB876E004EC20B;
			remoteInfo = Swift_Bluetooth_Manager;
		};
		223E343C26CB8772004EC20B /* PBXContainerItemProxy */ = {
			isa = PBXContainerItemProxy;
			containerPortal = 223E341226CB876E004EC20B /* Project object */;
			proxyType = 1;
			remoteGlobalIDString = 223E341926CB876E004EC20B;
			remoteInfo = Swift_Bluetooth_Manager;
		};
/* End PBXContainerItemProxy section */

/* Begin PBXFileReference section */
		223E341A26CB876E004EC20B /* Swift_Bluetooth_Manager.app */ = {isa = PBXFileReference; explicitFileType = wrapper.application; includeInIndex = 0; path = Swift_Bluetooth_Manager.app; sourceTree = BUILT_PRODUCTS_DIR; };
		223E341D26CB876E004EC20B /* AppDelegate.swift */ = {isa = PBXFileReference; lastKnownFileType = sourcecode.swift; path = AppDelegate.swift; sourceTree = "<group>"; };
		223E342626CB8772004EC20B /* Assets.xcassets */ = {isa = PBXFileReference; lastKnownFileType = folder.assetcatalog; path = Assets.xcassets; sourceTree = "<group>"; };
		223E342926CB8772004EC20B /* Base */ = {isa = PBXFileReference; lastKnownFileType = file.storyboard; name = Base; path = Base.lproj/LaunchScreen.storyboard; sourceTree = "<group>"; };
		223E342B26CB8772004EC20B /* Info.plist */ = {isa = PBXFileReference; lastKnownFileType = text.plist.xml; path = Info.plist; sourceTree = "<group>"; };
		223E343026CB8772004EC20B /* Swift_Bluetooth_ManagerTests.xctest */ = {isa = PBXFileReference; explicitFileType = wrapper.cfbundle; includeInIndex = 0; path = Swift_Bluetooth_ManagerTests.xctest; sourceTree = BUILT_PRODUCTS_DIR; };
		223E343426CB8772004EC20B /* Swift_Bluetooth_ManagerTests.swift */ = {isa = PBXFileReference; lastKnownFileType = sourcecode.swift; path = Swift_Bluetooth_ManagerTests.swift; sourceTree = "<group>"; };
		223E343626CB8772004EC20B /* Info.plist */ = {isa = PBXFileReference; lastKnownFileType = text.plist.xml; path = Info.plist; sourceTree = "<group>"; };
		223E343B26CB8772004EC20B /* Swift_Bluetooth_ManagerUITests.xctest */ = {isa = PBXFileReference; explicitFileType = wrapper.cfbundle; includeInIndex = 0; path = Swift_Bluetooth_ManagerUITests.xctest; sourceTree = BUILT_PRODUCTS_DIR; };
		223E343F26CB8772004EC20B /* Swift_Bluetooth_ManagerUITests.swift */ = {isa = PBXFileReference; lastKnownFileType = sourcecode.swift; path = Swift_Bluetooth_ManagerUITests.swift; sourceTree = "<group>"; };
		223E344126CB8772004EC20B /* Info.plist */ = {isa = PBXFileReference; lastKnownFileType = text.plist.xml; path = Info.plist; sourceTree = "<group>"; };
/* End PBXFileReference section */

/* Begin PBXFrameworksBuildPhase section */
		223E341726CB876E004EC20B /* Frameworks */ = {
			isa = PBXFrameworksBuildPhase;
			buildActionMask = 2147483647;
			files = (
			);
			runOnlyForDeploymentPostprocessing = 0;
		};
		223E342D26CB8772004EC20B /* Frameworks */ = {
			isa = PBXFrameworksBuildPhase;
			buildActionMask = 2147483647;
			files = (
			);
			runOnlyForDeploymentPostprocessing = 0;
		};
		223E343826CB8772004EC20B /* Frameworks */ = {
			isa = PBXFrameworksBuildPhase;
			buildActionMask = 2147483647;
			files = (
			);
			runOnlyForDeploymentPostprocessing = 0;
		};
/* End PBXFrameworksBuildPhase section */

/* Begin PBXGroup section */
		223E341126CB876E004EC20B = {
			isa = PBXGroup;
			children = (
				223E341C26CB876E004EC20B /* Swift_Bluetooth_Manager */,
				223E343326CB8772004EC20B /* Swift_Bluetooth_ManagerTests */,
				223E343E26CB8772004EC20B /* Swift_Bluetooth_ManagerUITests */,
				223E341B26CB876E004EC20B /* Products */,
			);
			sourceTree = "<group>";
		};
		223E341B26CB876E004EC20B /* Products */ = {
			isa = PBXGroup;
			children = (
				223E341A26CB876E004EC20B /* Swift_Bluetooth_Manager.app */,
				223E343026CB8772004EC20B /* Swift_Bluetooth_ManagerTests.xctest */,
				223E343B26CB8772004EC20B /* Swift_Bluetooth_ManagerUITests.xctest */,
			);
			name = Products;
			sourceTree = "<group>";
		};
		223E341C26CB876E004EC20B /* Swift_Bluetooth_Manager */ = {
			isa = PBXGroup;
			children = (
				223E344D26CB880B004EC20B /* Resources */,
			);
			path = Swift_Bluetooth_Manager;
			sourceTree = "<group>";
		};
		223E343326CB8772004EC20B /* Swift_Bluetooth_ManagerTests */ = {
			isa = PBXGroup;
			children = (
				223E343426CB8772004EC20B /* Swift_Bluetooth_ManagerTests.swift */,
				223E343626CB8772004EC20B /* Info.plist */,
			);
			path = Swift_Bluetooth_ManagerTests;
			sourceTree = "<group>";
		};
		223E343E26CB8772004EC20B /* Swift_Bluetooth_ManagerUITests */ = {
			isa = PBXGroup;
			children = (
				223E343F26CB8772004EC20B /* Swift_Bluetooth_ManagerUITests.swift */,
				223E344126CB8772004EC20B /* Info.plist */,
			);
			path = Swift_Bluetooth_ManagerUITests;
			sourceTree = "<group>";
		};
		223E344D26CB880B004EC20B /* Resources */ = {
			isa = PBXGroup;
			children = (
				223E344E26CB880D004EC20B /* AppDelegate */,
				223E344F26CB8816004EC20B /* Assets */,
				223E345026CB881E004EC20B /* LaunchScreen */,
				223E345126CB8829004EC20B /* InfoPlist */,
			);
			path = Resources;
			sourceTree = "<group>";
		};
		223E344E26CB880D004EC20B /* AppDelegate */ = {
			isa = PBXGroup;
			children = (
				223E341D26CB876E004EC20B /* AppDelegate.swift */,
			);
			path = AppDelegate;
			sourceTree = "<group>";
		};
		223E344F26CB8816004EC20B /* Assets */ = {
			isa = PBXGroup;
			children = (
				223E342626CB8772004EC20B /* Assets.xcassets */,
			);
			path = Assets;
			sourceTree = "<group>";
		};
		223E345026CB881E004EC20B /* LaunchScreen */ = {
			isa = PBXGroup;
			children = (
				223E342826CB8772004EC20B /* LaunchScreen.storyboard */,
			);
			path = LaunchScreen;
			sourceTree = "<group>";
		};
		223E345126CB8829004EC20B /* InfoPlist */ = {
			isa = PBXGroup;
			children = (
				223E342B26CB8772004EC20B /* Info.plist */,
			);
			path = InfoPlist;
			sourceTree = "<group>";
		};
/* End PBXGroup section */

/* Begin PBXNativeTarget section */
		223E341926CB876E004EC20B /* Swift_Bluetooth_Manager */ = {
			isa = PBXNativeTarget;
			buildConfigurationList = 223E344426CB8772004EC20B /* Build configuration list for PBXNativeTarget "Swift_Bluetooth_Manager" */;
			buildPhases = (
				223E341626CB876E004EC20B /* Sources */,
				223E341726CB876E004EC20B /* Frameworks */,
				223E341826CB876E004EC20B /* Resources */,
			);
			buildRules = (
			);
			dependencies = (
			);
			name = Swift_Bluetooth_Manager;
			productName = Swift_Bluetooth_Manager;
			productReference = 223E341A26CB876E004EC20B /* Swift_Bluetooth_Manager.app */;
			productType = "com.apple.product-type.application";
		};
		223E342F26CB8772004EC20B /* Swift_Bluetooth_ManagerTests */ = {
			isa = PBXNativeTarget;
			buildConfigurationList = 223E344726CB8772004EC20B /* Build configuration list for PBXNativeTarget "Swift_Bluetooth_ManagerTests" */;
			buildPhases = (
				223E342C26CB8772004EC20B /* Sources */,
				223E342D26CB8772004EC20B /* Frameworks */,
				223E342E26CB8772004EC20B /* Resources */,
			);
			buildRules = (
			);
			dependencies = (
				223E343226CB8772004EC20B /* PBXTargetDependency */,
			);
			name = Swift_Bluetooth_ManagerTests;
			productName = Swift_Bluetooth_ManagerTests;
			productReference = 223E343026CB8772004EC20B /* Swift_Bluetooth_ManagerTests.xctest */;
			productType = "com.apple.product-type.bundle.unit-test";
		};
		223E343A26CB8772004EC20B /* Swift_Bluetooth_ManagerUITests */ = {
			isa = PBXNativeTarget;
			buildConfigurationList = 223E344A26CB8772004EC20B /* Build configuration list for PBXNativeTarget "Swift_Bluetooth_ManagerUITests" */;
			buildPhases = (
				223E343726CB8772004EC20B /* Sources */,
				223E343826CB8772004EC20B /* Frameworks */,
				223E343926CB8772004EC20B /* Resources */,
			);
			buildRules = (
			);
			dependencies = (
				223E343D26CB8772004EC20B /* PBXTargetDependency */,
			);
			name = Swift_Bluetooth_ManagerUITests;
			productName = Swift_Bluetooth_ManagerUITests;
			productReference = 223E343B26CB8772004EC20B /* Swift_Bluetooth_ManagerUITests.xctest */;
			productType = "com.apple.product-type.bundle.ui-testing";
		};
/* End PBXNativeTarget section */

/* Begin PBXProject section */
		223E341226CB876E004EC20B /* Project object */ = {
			isa = PBXProject;
			attributes = {
				LastSwiftUpdateCheck = 1250;
				LastUpgradeCheck = 1250;
				TargetAttributes = {
					223E341926CB876E004EC20B = {
						CreatedOnToolsVersion = 12.5.1;
					};
					223E342F26CB8772004EC20B = {
						CreatedOnToolsVersion = 12.5.1;
						TestTargetID = 223E341926CB876E004EC20B;
					};
					223E343A26CB8772004EC20B = {
						CreatedOnToolsVersion = 12.5.1;
						TestTargetID = 223E341926CB876E004EC20B;
					};
				};
			};
			buildConfigurationList = 223E341526CB876E004EC20B /* Build configuration list for PBXProject "Swift_Bluetooth_Manager" */;
			compatibilityVersion = "Xcode 9.3";
			developmentRegion = en;
			hasScannedForEncodings = 0;
			knownRegions = (
				en,
				Base,
			);
			mainGroup = 223E341126CB876E004EC20B;
			productRefGroup = 223E341B26CB876E004EC20B /* Products */;
			projectDirPath = "";
			projectRoot = "";
			targets = (
				223E341926CB876E004EC20B /* Swift_Bluetooth_Manager */,
				223E342F26CB8772004EC20B /* Swift_Bluetooth_ManagerTests */,
				223E343A26CB8772004EC20B /* Swift_Bluetooth_ManagerUITests */,
			);
		};
/* End PBXProject section */

/* Begin PBXResourcesBuildPhase section */
		223E341826CB876E004EC20B /* Resources */ = {
			isa = PBXResourcesBuildPhase;
			buildActionMask = 2147483647;
			files = (
				223E342A26CB8772004EC20B /* LaunchScreen.storyboard in Resources */,
				223E342726CB8772004EC20B /* Assets.xcassets in Resources */,
			);
			runOnlyForDeploymentPostprocessing = 0;
		};
		223E342E26CB8772004EC20B /* Resources */ = {
			isa = PBXResourcesBuildPhase;
			buildActionMask = 2147483647;
			files = (
			);
			runOnlyForDeploymentPostprocessing = 0;
		};
		223E343926CB8772004EC20B /* Resources */ = {
			isa = PBXResourcesBuildPhase;
			buildActionMask = 2147483647;
			files = (
			);
			runOnlyForDeploymentPostprocessing = 0;
		};
/* End PBXResourcesBuildPhase section */

/* Begin PBXSourcesBuildPhase section */
		223E341626CB876E004EC20B /* Sources */ = {
			isa = PBXSourcesBuildPhase;
			buildActionMask = 2147483647;
			files = (
				223E341E26CB876E004EC20B /* AppDelegate.swift in Sources */,
			);
			runOnlyForDeploymentPostprocessing = 0;
		};
		223E342C26CB8772004EC20B /* Sources */ = {
			isa = PBXSourcesBuildPhase;
			buildActionMask = 2147483647;
			files = (
				223E343526CB8772004EC20B /* Swift_Bluetooth_ManagerTests.swift in Sources */,
			);
			runOnlyForDeploymentPostprocessing = 0;
		};
		223E343726CB8772004EC20B /* Sources */ = {
			isa = PBXSourcesBuildPhase;
			buildActionMask = 2147483647;
			files = (
				223E344026CB8772004EC20B /* Swift_Bluetooth_ManagerUITests.swift in Sources */,
			);
			runOnlyForDeploymentPostprocessing = 0;
		};
/* End PBXSourcesBuildPhase section */

/* Begin PBXTargetDependency section */
		223E343226CB8772004EC20B /* PBXTargetDependency */ = {
			isa = PBXTargetDependency;
			target = 223E341926CB876E004EC20B /* Swift_Bluetooth_Manager */;
			targetProxy = 223E343126CB8772004EC20B /* PBXContainerItemProxy */;
		};
		223E343D26CB8772004EC20B /* PBXTargetDependency */ = {
			isa = PBXTargetDependency;
			target = 223E341926CB876E004EC20B /* Swift_Bluetooth_Manager */;
			targetProxy = 223E343C26CB8772004EC20B /* PBXContainerItemProxy */;
		};
/* End PBXTargetDependency section */

/* Begin PBXVariantGroup section */
		223E342826CB8772004EC20B /* LaunchScreen.storyboard */ = {
			isa = PBXVariantGroup;
			children = (
				223E342926CB8772004EC20B /* Base */,
			);
			name = LaunchScreen.storyboard;
			sourceTree = "<group>";
		};
/* End PBXVariantGroup section */

/* Begin XCBuildConfiguration section */
		223E344226CB8772004EC20B /* Debug */ = {
			isa = XCBuildConfiguration;
			buildSettings = {
				ALWAYS_SEARCH_USER_PATHS = NO;
				CLANG_ANALYZER_NONNULL = YES;
				CLANG_ANALYZER_NUMBER_OBJECT_CONVERSION = YES_AGGRESSIVE;
				CLANG_CXX_LANGUAGE_STANDARD = "gnu++14";
				CLANG_CXX_LIBRARY = "libc++";
				CLANG_ENABLE_MODULES = YES;
				CLANG_ENABLE_OBJC_ARC = YES;
				CLANG_ENABLE_OBJC_WEAK = YES;
				CLANG_WARN_BLOCK_CAPTURE_AUTORELEASING = YES;
				CLANG_WARN_BOOL_CONVERSION = YES;
				CLANG_WARN_COMMA = YES;
				CLANG_WARN_CONSTANT_CONVERSION = YES;
				CLANG_WARN_DEPRECATED_OBJC_IMPLEMENTATIONS = YES;
				CLANG_WARN_DIRECT_OBJC_ISA_USAGE = YES_ERROR;
				CLANG_WARN_DOCUMENTATION_COMMENTS = YES;
				CLANG_WARN_EMPTY_BODY = YES;
				CLANG_WARN_ENUM_CONVERSION = YES;
				CLANG_WARN_INFINITE_RECURSION = YES;
				CLANG_WARN_INT_CONVERSION = YES;
				CLANG_WARN_NON_LITERAL_NULL_CONVERSION = YES;
				CLANG_WARN_OBJC_IMPLICIT_RETAIN_SELF = YES;
				CLANG_WARN_OBJC_LITERAL_CONVERSION = YES;
				CLANG_WARN_OBJC_ROOT_CLASS = YES_ERROR;
				CLANG_WARN_QUOTED_INCLUDE_IN_FRAMEWORK_HEADER = YES;
				CLANG_WARN_RANGE_LOOP_ANALYSIS = YES;
				CLANG_WARN_STRICT_PROTOTYPES = YES;
				CLANG_WARN_SUSPICIOUS_MOVE = YES;
				CLANG_WARN_UNGUARDED_AVAILABILITY = YES_AGGRESSIVE;
				CLANG_WARN_UNREACHABLE_CODE = YES;
				CLANG_WARN__DUPLICATE_METHOD_MATCH = YES;
				COPY_PHASE_STRIP = NO;
				DEBUG_INFORMATION_FORMAT = dwarf;
				ENABLE_STRICT_OBJC_MSGSEND = YES;
				ENABLE_TESTABILITY = YES;
				GCC_C_LANGUAGE_STANDARD = gnu11;
				GCC_DYNAMIC_NO_PIC = NO;
				GCC_NO_COMMON_BLOCKS = YES;
				GCC_OPTIMIZATION_LEVEL = 0;
				GCC_PREPROCESSOR_DEFINITIONS = (
					"DEBUG=1",
					"$(inherited)",
				);
				GCC_WARN_64_TO_32_BIT_CONVERSION = YES;
				GCC_WARN_ABOUT_RETURN_TYPE = YES_ERROR;
				GCC_WARN_UNDECLARED_SELECTOR = YES;
				GCC_WARN_UNINITIALIZED_AUTOS = YES_AGGRESSIVE;
				GCC_WARN_UNUSED_FUNCTION = YES;
				GCC_WARN_UNUSED_VARIABLE = YES;
				IPHONEOS_DEPLOYMENT_TARGET = 10.0;
				MTL_ENABLE_DEBUG_INFO = INCLUDE_SOURCE;
				MTL_FAST_MATH = YES;
				ONLY_ACTIVE_ARCH = YES;
				SDKROOT = iphoneos;
				SWIFT_ACTIVE_COMPILATION_CONDITIONS = DEBUG;
				SWIFT_OPTIMIZATION_LEVEL = "-Onone";
			};
			name = Debug;
		};
		223E344326CB8772004EC20B /* Release */ = {
			isa = XCBuildConfiguration;
			buildSettings = {
				ALWAYS_SEARCH_USER_PATHS = NO;
				CLANG_ANALYZER_NONNULL = YES;
				CLANG_ANALYZER_NUMBER_OBJECT_CONVERSION = YES_AGGRESSIVE;
				CLANG_CXX_LANGUAGE_STANDARD = "gnu++14";
				CLANG_CXX_LIBRARY = "libc++";
				CLANG_ENABLE_MODULES = YES;
				CLANG_ENABLE_OBJC_ARC = YES;
				CLANG_ENABLE_OBJC_WEAK = YES;
				CLANG_WARN_BLOCK_CAPTURE_AUTORELEASING = YES;
				CLANG_WARN_BOOL_CONVERSION = YES;
				CLANG_WARN_COMMA = YES;
				CLANG_WARN_CONSTANT_CONVERSION = YES;
				CLANG_WARN_DEPRECATED_OBJC_IMPLEMENTATIONS = YES;
				CLANG_WARN_DIRECT_OBJC_ISA_USAGE = YES_ERROR;
				CLANG_WARN_DOCUMENTATION_COMMENTS = YES;
				CLANG_WARN_EMPTY_BODY = YES;
				CLANG_WARN_ENUM_CONVERSION = YES;
				CLANG_WARN_INFINITE_RECURSION = YES;
				CLANG_WARN_INT_CONVERSION = YES;
				CLANG_WARN_NON_LITERAL_NULL_CONVERSION = YES;
				CLANG_WARN_OBJC_IMPLICIT_RETAIN_SELF = YES;
				CLANG_WARN_OBJC_LITERAL_CONVERSION = YES;
				CLANG_WARN_OBJC_ROOT_CLASS = YES_ERROR;
				CLANG_WARN_QUOTED_INCLUDE_IN_FRAMEWORK_HEADER = YES;
				CLANG_WARN_RANGE_LOOP_ANALYSIS = YES;
				CLANG_WARN_STRICT_PROTOTYPES = YES;
				CLANG_WARN_SUSPICIOUS_MOVE = YES;
				CLANG_WARN_UNGUARDED_AVAILABILITY = YES_AGGRESSIVE;
				CLANG_WARN_UNREACHABLE_CODE = YES;
				CLANG_WARN__DUPLICATE_METHOD_MATCH = YES;
				COPY_PHASE_STRIP = NO;
				DEBUG_INFORMATION_FORMAT = "dwarf-with-dsym";
				ENABLE_NS_ASSERTIONS = NO;
				ENABLE_STRICT_OBJC_MSGSEND = YES;
				GCC_C_LANGUAGE_STANDARD = gnu11;
				GCC_NO_COMMON_BLOCKS = YES;
				GCC_WARN_64_TO_32_BIT_CONVERSION = YES;
				GCC_WARN_ABOUT_RETURN_TYPE = YES_ERROR;
				GCC_WARN_UNDECLARED_SELECTOR = YES;
				GCC_WARN_UNINITIALIZED_AUTOS = YES_AGGRESSIVE;
				GCC_WARN_UNUSED_FUNCTION = YES;
				GCC_WARN_UNUSED_VARIABLE = YES;
				IPHONEOS_DEPLOYMENT_TARGET = 10.0;
				MTL_ENABLE_DEBUG_INFO = NO;
				MTL_FAST_MATH = YES;
				SDKROOT = iphoneos;
				SWIFT_COMPILATION_MODE = wholemodule;
				SWIFT_OPTIMIZATION_LEVEL = "-O";
				VALIDATE_PRODUCT = YES;
			};
			name = Release;
		};
		223E344526CB8772004EC20B /* Debug */ = {
			isa = XCBuildConfiguration;
			buildSettings = {
				ASSETCATALOG_COMPILER_APPICON_NAME = AppIcon;
				ASSETCATALOG_COMPILER_GLOBAL_ACCENT_COLOR_NAME = AccentColor;
				CODE_SIGN_STYLE = Automatic;
				DEVELOPMENT_TEAM = CXRA2S6SCR;
				INFOPLIST_FILE = Swift_Bluetooth_Manager/Resources/InfoPlist/Info.plist;
				IPHONEOS_DEPLOYMENT_TARGET = 10.0;
				LD_RUNPATH_SEARCH_PATHS = (
					"$(inherited)",
					"@executable_path/Frameworks",
				);
				PRODUCT_BUNDLE_IDENTIFIER = "com.dcteam.Swift-Bluetooth-Manager";
				PRODUCT_NAME = "$(TARGET_NAME)";
				SWIFT_VERSION = 5.0;
				TARGETED_DEVICE_FAMILY = "1,2";
			};
			name = Debug;
		};
		223E344626CB8772004EC20B /* Release */ = {
			isa = XCBuildConfiguration;
			buildSettings = {
				ASSETCATALOG_COMPILER_APPICON_NAME = AppIcon;
				ASSETCATALOG_COMPILER_GLOBAL_ACCENT_COLOR_NAME = AccentColor;
				CODE_SIGN_STYLE = Automatic;
				DEVELOPMENT_TEAM = CXRA2S6SCR;
				INFOPLIST_FILE = Swift_Bluetooth_Manager/Resources/InfoPlist/Info.plist;
				IPHONEOS_DEPLOYMENT_TARGET = 10.0;
				LD_RUNPATH_SEARCH_PATHS = (
					"$(inherited)",
					"@executable_path/Frameworks",
				);
				PRODUCT_BUNDLE_IDENTIFIER = "com.dcteam.Swift-Bluetooth-Manager";
				PRODUCT_NAME = "$(TARGET_NAME)";
				SWIFT_VERSION = 5.0;
				TARGETED_DEVICE_FAMILY = "1,2";
			};
			name = Release;
		};
		223E344826CB8772004EC20B /* Debug */ = {
			isa = XCBuildConfiguration;
			buildSettings = {
				ALWAYS_EMBED_SWIFT_STANDARD_LIBRARIES = YES;
				BUNDLE_LOADER = "$(TEST_HOST)";
				CODE_SIGN_STYLE = Automatic;
				DEVELOPMENT_TEAM = CXRA2S6SCR;
				INFOPLIST_FILE = Swift_Bluetooth_ManagerTests/Info.plist;
				IPHONEOS_DEPLOYMENT_TARGET = 14.5;
				LD_RUNPATH_SEARCH_PATHS = (
					"$(inherited)",
					"@executable_path/Frameworks",
					"@loader_path/Frameworks",
				);
				PRODUCT_BUNDLE_IDENTIFIER = "com.dcteam.Swift-Bluetooth-ManagerTests";
				PRODUCT_NAME = "$(TARGET_NAME)";
				SWIFT_VERSION = 5.0;
				TARGETED_DEVICE_FAMILY = "1,2";
				TEST_HOST = "$(BUILT_PRODUCTS_DIR)/Swift_Bluetooth_Manager.app/Swift_Bluetooth_Manager";
			};
			name = Debug;
		};
		223E344926CB8772004EC20B /* Release */ = {
			isa = XCBuildConfiguration;
			buildSettings = {
				ALWAYS_EMBED_SWIFT_STANDARD_LIBRARIES = YES;
				BUNDLE_LOADER = "$(TEST_HOST)";
				CODE_SIGN_STYLE = Automatic;
				DEVELOPMENT_TEAM = CXRA2S6SCR;
				INFOPLIST_FILE = Swift_Bluetooth_ManagerTests/Info.plist;
				IPHONEOS_DEPLOYMENT_TARGET = 14.5;
				LD_RUNPATH_SEARCH_PATHS = (
					"$(inherited)",
					"@executable_path/Frameworks",
					"@loader_path/Frameworks",
				);
				PRODUCT_BUNDLE_IDENTIFIER = "com.dcteam.Swift-Bluetooth-ManagerTests";
				PRODUCT_NAME = "$(TARGET_NAME)";
				SWIFT_VERSION = 5.0;
				TARGETED_DEVICE_FAMILY = "1,2";
				TEST_HOST = "$(BUILT_PRODUCTS_DIR)/Swift_Bluetooth_Manager.app/Swift_Bluetooth_Manager";
			};
			name = Release;
		};
		223E344B26CB8772004EC20B /* Debug */ = {
			isa = XCBuildConfiguration;
			buildSettings = {
				ALWAYS_EMBED_SWIFT_STANDARD_LIBRARIES = YES;
				CODE_SIGN_STYLE = Automatic;
				DEVELOPMENT_TEAM = CXRA2S6SCR;
				INFOPLIST_FILE = Swift_Bluetooth_ManagerUITests/Info.plist;
				LD_RUNPATH_SEARCH_PATHS = (
					"$(inherited)",
					"@executable_path/Frameworks",
					"@loader_path/Frameworks",
				);
				PRODUCT_BUNDLE_IDENTIFIER = "com.dcteam.Swift-Bluetooth-ManagerUITests";
				PRODUCT_NAME = "$(TARGET_NAME)";
				SWIFT_VERSION = 5.0;
				TARGETED_DEVICE_FAMILY = "1,2";
				TEST_TARGET_NAME = Swift_Bluetooth_Manager;
			};
			name = Debug;
		};
		223E344C26CB8772004EC20B /* Release */ = {
			isa = XCBuildConfiguration;
			buildSettings = {
				ALWAYS_EMBED_SWIFT_STANDARD_LIBRARIES = YES;
				CODE_SIGN_STYLE = Automatic;
				DEVELOPMENT_TEAM = CXRA2S6SCR;
				INFOPLIST_FILE = Swift_Bluetooth_ManagerUITests/Info.plist;
				LD_RUNPATH_SEARCH_PATHS = (
					"$(inherited)",
					"@executable_path/Frameworks",
					"@loader_path/Frameworks",
				);
				PRODUCT_BUNDLE_IDENTIFIER = "com.dcteam.Swift-Bluetooth-ManagerUITests";
				PRODUCT_NAME = "$(TARGET_NAME)";
				SWIFT_VERSION = 5.0;
				TARGETED_DEVICE_FAMILY = "1,2";
				TEST_TARGET_NAME = Swift_Bluetooth_Manager;
			};
			name = Release;
		};
/* End XCBuildConfiguration section */

/* Begin XCConfigurationList section */
		223E341526CB876E004EC20B /* Build configuration list for PBXProject "Swift_Bluetooth_Manager" */ = {
			isa = XCConfigurationList;
			buildConfigurations = (
				223E344226CB8772004EC20B /* Debug */,
				223E344326CB8772004EC20B /* Release */,
			);
			defaultConfigurationIsVisible = 0;
			defaultConfigurationName = Release;
		};
		223E344426CB8772004EC20B /* Build configuration list for PBXNativeTarget "Swift_Bluetooth_Manager" */ = {
			isa = XCConfigurationList;
			buildConfigurations = (
				223E344526CB8772004EC20B /* Debug */,
				223E344626CB8772004EC20B /* Release */,
			);
			defaultConfigurationIsVisible = 0;
			defaultConfigurationName = Release;
		};
		223E344726CB8772004EC20B /* Build configuration list for PBXNativeTarget "Swift_Bluetooth_ManagerTests" */ = {
			isa = XCConfigurationList;
			buildConfigurations = (
				223E344826CB8772004EC20B /* Debug */,
				223E344926CB8772004EC20B /* Release */,
			);
			defaultConfigurationIsVisible = 0;
			defaultConfigurationName = Release;
		};
		223E344A26CB8772004EC20B /* Build configuration list for PBXNativeTarget "Swift_Bluetooth_ManagerUITests" */ = {
			isa = XCConfigurationList;
			buildConfigurations = (
				223E344B26CB8772004EC20B /* Debug */,
				223E344C26CB8772004EC20B /* Release */,
			);
			defaultConfigurationIsVisible = 0;
			defaultConfigurationName = Release;
		};
/* End XCConfigurationList section */
	};
	rootObject = 223E341226CB876E004EC20B /* Project object */;
}
